<Solution>
  <Project Path="src/InstantAIGate.Admin/InstantAIGate.Admin.csproj" Id="95007af3-724e-4468-b831-d44452fab33e" />
  <Project Path="src/InstantAiGate.API/InstantAIGate.API.csproj" />
  <Project Path="src/InstantAIGate.Application/InstantAIGate.Application.csproj" Id="b8e58004-b9da-4032-ad28-84513e5655a7" />
  <Project Path="src/InstantAIGate.Domain/InstantAIGate.Domain.csproj" Id="73d8afef-55e1-4aff-92f5-2797da46bae4" />
  <Project Path="src/InstantAIGate.Infrastructure/InstantAIGate.Infrastructure.csproj" Id="5f77d78c-d18f-446b-b371-590a0b882228" />
  <Project Path="tests/InstantAIGate.API.Tests/InstantAIGate.API.Tests.csproj" />
  <Project Path="tests/InstantAIGate.Infrastructure.Tests/InstantAIGate.Infrastructure.Tests.csproj" />
</Solution>
